
Microsoft Visual Studio Solution File, Format Version 12.00
# Visual Studio Version 16
VisualStudioVersion = 16.0.31624.102
MinimumVisualStudioVersion = 10.0.40219.1
Project("{FAE04EC0-301F-11D3-BF4B-00C04F79EFBC}") = "InterlockedDemo", "InterlockedDemo\InterlockedDemo.csproj", "{5D9C0F77-7039-40F6-A8E6-B49163F98C8C}"
EndProject
Global
	GlobalSection(SolutionConfigurationPlatforms) = preSolution
		Debug|Any CPU = Debug|Any CPU
		Release|Any CPU = Release|Any CPU
	EndGlobalSection
	GlobalSection(ProjectConfigurationPlatforms) = postSolution
		{5D9C0F77-7039-40F6-A8E6-B49163F98C8C}.Debug|Any CPU.ActiveCfg = Debug|Any CPU
		{5D9C0F77-7039-40F6-A8E6-B49163F98C8C}.Debug|Any CPU.Build.0 = Debug|Any CPU
		{5D9C0F77-7039-40F6-A8E6-B49163F98C8C}.Release|Any CPU.ActiveCfg = Release|Any CPU
		{5D9C0F77-7039-40F6-A8E6-B49163F98C8C}.Release|Any CPU.Build.0 = Release|Any CPU
	EndGlobalSection
	GlobalSection(SolutionProperties) = preSolution
		HideSolutionNode = FALSE
	EndGlobalSection
	GlobalSection(ExtensibilityGlobals) = postSolution
		SolutionGuid = {295E5CBD-4EE6-43E2-8764-18D2E6DCC398}
	EndGlobalSection
EndGlobal
